# THIS IS AN AUTOGENERATED FILE. DO NOT EDIT THIS FILE DIRECTLY.
# yarn lockfile v1


node-os-utils@^1.3.2:
  version "1.3.7"
  resolved "https://registry.yarnpkg.com/node-os-utils/-/node-os-utils-1.3.7.tgz#77cc341ae39584e12d3aadf6046fe420ff4c9340"
  integrity sha512-fvnX9tZbR7WfCG5BAy3yO/nCLyjVWD6MghEq0z5FDfN+ZXpLWNITBdbifxQkQ25ebr16G0N7eRWJisOcMEHG3Q==

os-utils@^0.0.14:
  version "0.0.14"
  resolved "https://registry.yarnpkg.com/os-utils/-/os-utils-0.0.14.tgz#29e511697b1982b8c627722175fe39797ef64156"
  integrity sha1-KeURaXsZgrjGJ3Ihdf45eX72QVY=

os@^0.1.1:
  version "0.1.1"
  resolved "https://registry.yarnpkg.com/os/-/os-0.1.1.tgz#208845e89e193ad4d971474b93947736a56d13f3"
  integrity sha1-IIhF6J4ZOtTZcUdLk5R3NqVtE/M=
